
Microsoft Visual Studio Solution File, Format Version 12.00
# Visual Studio Version 17
VisualStudioVersion = 17.5.33627.172
MinimumVisualStudioVersion = 10.0.40219.1
Project("{2150E333-8FDC-42A3-9474-1A3956D46DE8}") = "Solution Items", "Solution Items", "{4130D21C-FE8F-4925-93E7-217B4AF1B7D9}"
	ProjectSection(SolutionItems) = preProject
		.editorconfig = .editorconfig
		Snowflake44.nuspec = Snowflake44.nuspec
	EndProjectSection
EndProject
Project("{2150E333-8FDC-42A3-9474-1A3956D46DE8}") = "src", "src", "{EFB5135D-039A-4D92-8FDD-9EA5D070F991}"
EndProject
Project("{2150E333-8FDC-42A3-9474-1A3956D46DE8}") = "test", "test", "{C5272353-539E-4138-93FD-9DF437F6DA47}"
EndProject
Project("{D954291E-2A0B-460D-934E-DC6B0785DB48}") = "Snowflake44", "src\Snowflake44\Snowflake44.shproj", "{CF0A161A-99BA-4F01-AF5E-16C6FCBC85AE}"
EndProject
Project("{9A19103F-16F7-4668-BE54-9A1E7A4F7556}") = "Snowflake44.net5.0", "src\Snowflake44.net5.0\Snowflake44.net5.0.csproj", "{88F15535-FAD8-4372-80DC-FD0D8C81AB4C}"
EndProject
Project("{9A19103F-16F7-4668-BE54-9A1E7A4F7556}") = "Snowflake44.net6.0", "src\Snowflake44.net6.0\Snowflake44.net6.0.csproj", "{7B5BAEA8-7E79-4A30-B6C1-4DA4831AF970}"
EndProject
Project("{FAE04EC0-301F-11D3-BF4B-00C04F79EFBC}") = "Snowflake44.net461", "src\Snowflake44.net461\Snowflake44.net461.csproj", "{B0BA06FE-6437-4B9E-8C76-3ADFC8D191D2}"
EndProject
Project("{9A19103F-16F7-4668-BE54-9A1E7A4F7556}") = "Snowflake44.Tests", "test\Snowflake44.TestsC\Snowflake44.Tests.csproj", "{732D4247-867F-4161-B0CF-C12950A4B996}"
EndProject
Project("{2150E333-8FDC-42A3-9474-1A3956D46DE8}") = "doc", "doc", "{F9D7B4B4-86BA-481D-8F88-EEB7D1C79BE0}"
	ProjectSection(SolutionItems) = preProject
		..\vers\changelog.md = ..\vers\changelog.md
		..\README.md = ..\README.md
	EndProjectSection
EndProject
Project("{2150E333-8FDC-42A3-9474-1A3956D46DE8}") = "demo", "demo", "{D3E93E5D-EBF6-42A6-B753-120374454B58}"
EndProject
Project("{FAE04EC0-301F-11D3-BF4B-00C04F79EFBC}") = "Snowflake44.Demo", "demo\Snowflake44.Demo\Snowflake44.Demo.csproj", "{2A470ADD-1484-40C8-B8BA-4DE044D4348D}"
EndProject
Global
	GlobalSection(SolutionConfigurationPlatforms) = preSolution
		Debug|Any CPU = Debug|Any CPU
		Release|Any CPU = Release|Any CPU
	EndGlobalSection
	GlobalSection(ProjectConfigurationPlatforms) = postSolution
		{88F15535-FAD8-4372-80DC-FD0D8C81AB4C}.Debug|Any CPU.ActiveCfg = Debug|Any CPU
		{88F15535-FAD8-4372-80DC-FD0D8C81AB4C}.Debug|Any CPU.Build.0 = Debug|Any CPU
		{88F15535-FAD8-4372-80DC-FD0D8C81AB4C}.Release|Any CPU.ActiveCfg = Release|Any CPU
		{88F15535-FAD8-4372-80DC-FD0D8C81AB4C}.Release|Any CPU.Build.0 = Release|Any CPU
		{7B5BAEA8-7E79-4A30-B6C1-4DA4831AF970}.Debug|Any CPU.ActiveCfg = Debug|Any CPU
		{7B5BAEA8-7E79-4A30-B6C1-4DA4831AF970}.Debug|Any CPU.Build.0 = Debug|Any CPU
		{7B5BAEA8-7E79-4A30-B6C1-4DA4831AF970}.Release|Any CPU.ActiveCfg = Release|Any CPU
		{7B5BAEA8-7E79-4A30-B6C1-4DA4831AF970}.Release|Any CPU.Build.0 = Release|Any CPU
		{B0BA06FE-6437-4B9E-8C76-3ADFC8D191D2}.Debug|Any CPU.ActiveCfg = Debug|Any CPU
		{B0BA06FE-6437-4B9E-8C76-3ADFC8D191D2}.Debug|Any CPU.Build.0 = Debug|Any CPU
		{B0BA06FE-6437-4B9E-8C76-3ADFC8D191D2}.Release|Any CPU.ActiveCfg = Release|Any CPU
		{B0BA06FE-6437-4B9E-8C76-3ADFC8D191D2}.Release|Any CPU.Build.0 = Release|Any CPU
		{732D4247-867F-4161-B0CF-C12950A4B996}.Debug|Any CPU.ActiveCfg = Debug|Any CPU
		{732D4247-867F-4161-B0CF-C12950A4B996}.Debug|Any CPU.Build.0 = Debug|Any CPU
		{732D4247-867F-4161-B0CF-C12950A4B996}.Release|Any CPU.ActiveCfg = Release|Any CPU
		{732D4247-867F-4161-B0CF-C12950A4B996}.Release|Any CPU.Build.0 = Release|Any CPU
		{2A470ADD-1484-40C8-B8BA-4DE044D4348D}.Debug|Any CPU.ActiveCfg = Debug|Any CPU
		{2A470ADD-1484-40C8-B8BA-4DE044D4348D}.Debug|Any CPU.Build.0 = Debug|Any CPU
		{2A470ADD-1484-40C8-B8BA-4DE044D4348D}.Release|Any CPU.ActiveCfg = Release|Any CPU
		{2A470ADD-1484-40C8-B8BA-4DE044D4348D}.Release|Any CPU.Build.0 = Release|Any CPU
	EndGlobalSection
	GlobalSection(SolutionProperties) = preSolution
		HideSolutionNode = FALSE
	EndGlobalSection
	GlobalSection(NestedProjects) = preSolution
		{CF0A161A-99BA-4F01-AF5E-16C6FCBC85AE} = {EFB5135D-039A-4D92-8FDD-9EA5D070F991}
		{88F15535-FAD8-4372-80DC-FD0D8C81AB4C} = {EFB5135D-039A-4D92-8FDD-9EA5D070F991}
		{7B5BAEA8-7E79-4A30-B6C1-4DA4831AF970} = {EFB5135D-039A-4D92-8FDD-9EA5D070F991}
		{B0BA06FE-6437-4B9E-8C76-3ADFC8D191D2} = {EFB5135D-039A-4D92-8FDD-9EA5D070F991}
		{732D4247-867F-4161-B0CF-C12950A4B996} = {C5272353-539E-4138-93FD-9DF437F6DA47}
		{2A470ADD-1484-40C8-B8BA-4DE044D4348D} = {D3E93E5D-EBF6-42A6-B753-120374454B58}
	EndGlobalSection
	GlobalSection(ExtensibilityGlobals) = postSolution
		SolutionGuid = {D2F37C1D-32F0-4BF2-AAEB-46B9D8C07D23}
	EndGlobalSection
	GlobalSection(SharedMSBuildProjectFiles) = preSolution
		src\Snowflake44\Snowflake44.projitems*{7b5baea8-7e79-4a30-b6c1-4da4831af970}*SharedItemsImports = 5
		src\Snowflake44\Snowflake44.projitems*{88f15535-fad8-4372-80dc-fd0d8c81ab4c}*SharedItemsImports = 5
		src\Snowflake44\Snowflake44.projitems*{b0ba06fe-6437-4b9e-8c76-3adfc8d191d2}*SharedItemsImports = 4
		src\Snowflake44\Snowflake44.projitems*{cf0a161a-99ba-4f01-af5e-16c6fcbc85ae}*SharedItemsImports = 13
	EndGlobalSection
EndGlobal
